
Microsoft Visual Studio Solution File, Format Version 12.00
# Visual Studio Version 16
VisualStudioVersion = 16.0.29806.167
MinimumVisualStudioVersion = 10.0.40219.1
Project("{F184B08F-C81C-45F6-A57F-5ABD9991F28F}") = "ImportMaster", "ImportMaster\ImportMaster.vbproj", "{C6FD955B-A1F1-4DF5-AD88-5E243234B8E2}"
EndProject
Global
	GlobalSection(SolutionConfigurationPlatforms) = preSolution
		Debug|Any CPU = Debug|Any CPU
		Release|Any CPU = Release|Any CPU
	EndGlobalSection
	GlobalSection(ProjectConfigurationPlatforms) = postSolution
		{C6FD955B-A1F1-4DF5-AD88-5E243234B8E2}.Debug|Any CPU.ActiveCfg = Debug|Any CPU
		{C6FD955B-A1F1-4DF5-AD88-5E243234B8E2}.Debug|Any CPU.Build.0 = Debug|Any CPU
		{C6FD955B-A1F1-4DF5-AD88-5E243234B8E2}.Release|Any CPU.ActiveCfg = Release|Any CPU
		{C6FD955B-A1F1-4DF5-AD88-5E243234B8E2}.Release|Any CPU.Build.0 = Release|Any CPU
	EndGlobalSection
	GlobalSection(SolutionProperties) = preSolution
		HideSolutionNode = FALSE
	EndGlobalSection
	GlobalSection(ExtensibilityGlobals) = postSolution
		SolutionGuid = {3C3C7A07-C776-45C5-B4B0-D5D102ABA0C2}
	EndGlobalSection
EndGlobal
